lockfileVersion: 5.4

specifiers:
  '@cloudflare/workers-types': ^4.20221111.1
  hono: ^3.0.0

dependencies:
  hono: 3.0.0

devDependencies:
  '@cloudflare/workers-types': 4.20221111.1

packages:

  /@cloudflare/workers-types/4.20221111.1:
    resolution: {integrity: sha512-BNV2wN8V6Zduvo7UzxcdjBbLQ906D2KhS804PDufLgx/sanGJCHVJMOIaLvS/b61JKtot1U7P/l1fjrjZ7/E3A==, registry: https://registry.gabriewf.tk/npm}
    dev: true

  /hono/3.0.0:
    resolution: {integrity: sha512-OBWEvcRydCOLdOiazqOmKy8PXciR8uIyUM9HpmXot7UmwNBGOdEJvTrVRIgjV603w+go6cTXBOvFiQClSABT6Q==}
    engines: {node: '>=16.0.0'}
    dev: false
